// !$*UTF8*$!
{
	archiveVersion = 1;
	classes = {
	};
	objectVersion = 51;
	objects = {

/* Begin PBXBuildFile section */
		BD1A8EE875F60035298E3A22 /* Pods_InfiniteScrollAnotherPatternTests.framework in Frameworks */ = {isa = PBXBuildFile; fileRef = 2CBFA6E2BE8B0C63C8E3FB47 /* Pods_InfiniteScrollAnotherPatternTests.framework */; };
		BE6B44A45EAE94F5AD8BAC23 /* Pods_InfiniteScrollAnotherPattern_InfiniteScrollAnotherPatternUITests.framework in Frameworks */ = {isa = PBXBuildFile; fileRef = 2DED55D170DE8DE2FD1D42FE /* Pods_InfiniteScrollAnotherPattern_InfiniteScrollAnotherPatternUITests.framework */; };
		DE958D2222E6E83B00DB2C21 /* AppDelegate.swift in Sources */ = {isa = PBXBuildFile; fileRef = DE958D2122E6E83B00DB2C21 /* AppDelegate.swift */; };
		DE958D2422E6E83B00DB2C21 /* MainViewController.swift in Sources */ = {isa = PBXBuildFile; fileRef = DE958D2322E6E83B00DB2C21 /* MainViewController.swift */; };
		DE958D2722E6E83B00DB2C21 /* MainViewController.storyboard in Resources */ = {isa = PBXBuildFile; fileRef = DE958D2522E6E83B00DB2C21 /* MainViewController.storyboard */; };
		DE958D2922E6E83F00DB2C21 /* Assets.xcassets in Resources */ = {isa = PBXBuildFile; fileRef = DE958D2822E6E83F00DB2C21 /* Assets.xcassets */; };
		DE958D2C22E6E83F00DB2C21 /* LaunchScreen.storyboard in Resources */ = {isa = PBXBuildFile; fileRef = DE958D2A22E6E83F00DB2C21 /* LaunchScreen.storyboard */; };
		DE958D3722E6E83F00DB2C21 /* InfiniteScrollAnotherPatternTests.swift in Sources */ = {isa = PBXBuildFile; fileRef = DE958D3622E6E83F00DB2C21 /* InfiniteScrollAnotherPatternTests.swift */; };
		DE958D4222E6E83F00DB2C21 /* InfiniteScrollAnotherPatternUITests.swift in Sources */ = {isa = PBXBuildFile; fileRef = DE958D4122E6E83F00DB2C21 /* InfiniteScrollAnotherPatternUITests.swift */; };
		DE958D5C22F01FBC00DB2C21 /* NSObjectProtocolExtension.swift in Sources */ = {isa = PBXBuildFile; fileRef = DE958D5B22F01FBC00DB2C21 /* NSObjectProtocolExtension.swift */; };
		DE958D5E22F01FCE00DB2C21 /* UICollectionViewExtension.swift in Sources */ = {isa = PBXBuildFile; fileRef = DE958D5D22F01FCE00DB2C21 /* UICollectionViewExtension.swift */; };
		DE958D6022F0204E00DB2C21 /* CustomViewBase.swift in Sources */ = {isa = PBXBuildFile; fileRef = DE958D5F22F0204E00DB2C21 /* CustomViewBase.swift */; };
		DE9BEA2B259BBD1E000E94B0 /* UILabelDecorator.swift in Sources */ = {isa = PBXBuildFile; fileRef = DE9BEA2A259BBD1E000E94B0 /* UILabelDecorator.swift */; };
		DE9BEA3C259BBDFF000E94B0 /* UIColorExtension.swift in Sources */ = {isa = PBXBuildFile; fileRef = DE9BEA3B259BBDFF000E94B0 /* UIColorExtension.swift */; };
		DE9BEA41259BBE40000E94B0 /* UIViewControllerExtension.swift in Sources */ = {isa = PBXBuildFile; fileRef = DE9BEA40259BBE40000E94B0 /* UIViewControllerExtension.swift */; };
		DE9BEA46259BBE5D000E94B0 /* UITableViewExtension.swift in Sources */ = {isa = PBXBuildFile; fileRef = DE9BEA45259BBE5D000E94B0 /* UITableViewExtension.swift */; };
		DEAC31FC259DD93200B72134 /* GlobalTabBarController.swift in Sources */ = {isa = PBXBuildFile; fileRef = DEAC31FB259DD93200B72134 /* GlobalTabBarController.swift */; };
		DEAC3207259DDA3C00B72134 /* StoryboardInstantiatable.swift in Sources */ = {isa = PBXBuildFile; fileRef = DEAC3206259DDA3C00B72134 /* StoryboardInstantiatable.swift */; };
		DEAC320D259DDAAB00B72134 /* GlobalTabBarControllerstoryboard.storyboard in Resources */ = {isa = PBXBuildFile; fileRef = DEAC320B259DDAAB00B72134 /* GlobalTabBarControllerstoryboard.storyboard */; };
		F214B7164AFBC4B3908569D3 /* Pods_InfiniteScrollAnotherPattern.framework in Frameworks */ = {isa = PBXBuildFile; fileRef = E4DA912FD8BFE6BEB104AFC1 /* Pods_InfiniteScrollAnotherPattern.framework */; };
/* End PBXBuildFile section */

/* Begin PBXContainerItemProxy section */
		DE958D3322E6E83F00DB2C21 /* PBXContainerItemProxy */ = {
			isa = PBXContainerItemProxy;
			containerPortal = DE958D1622E6E83B00DB2C21 /* Project object */;
			proxyType = 1;
			remoteGlobalIDString = DE958D1D22E6E83B00DB2C21;
			remoteInfo = InfiniteScrollAnotherPattern;
		};
		DE958D3E22E6E83F00DB2C21 /* PBXContainerItemProxy */ = {
			isa = PBXContainerItemProxy;
			containerPortal = DE958D1622E6E83B00DB2C21 /* Project object */;
			proxyType = 1;
			remoteGlobalIDString = DE958D1D22E6E83B00DB2C21;
			remoteInfo = InfiniteScrollAnotherPattern;
		};
/* End PBXContainerItemProxy section */

/* Begin PBXFileReference section */
		271479F2C8BA3FFBD1EB355A /* Pods-InfiniteScrollAnotherPattern-InfiniteScrollAnotherPatternUITests.debug.xcconfig */ = {isa = PBXFileReference; includeInIndex = 1; lastKnownFileType = text.xcconfig; name = "Pods-InfiniteScrollAnotherPattern-InfiniteScrollAnotherPatternUITests.debug.xcconfig"; path = "Target Support Files/Pods-InfiniteScrollAnotherPattern-InfiniteScrollAnotherPatternUITests/Pods-InfiniteScrollAnotherPattern-InfiniteScrollAnotherPatternUITests.debug.xcconfig"; sourceTree = "<group>"; };
		2CBFA6E2BE8B0C63C8E3FB47 /* Pods_InfiniteScrollAnotherPatternTests.framework */ = {isa = PBXFileReference; explicitFileType = wrapper.framework; includeInIndex = 0; path = Pods_InfiniteScrollAnotherPatternTests.framework; sourceTree = BUILT_PRODUCTS_DIR; };
		2DED55D170DE8DE2FD1D42FE /* Pods_InfiniteScrollAnotherPattern_InfiniteScrollAnotherPatternUITests.framework */ = {isa = PBXFileReference; explicitFileType = wrapper.framework; includeInIndex = 0; path = Pods_InfiniteScrollAnotherPattern_InfiniteScrollAnotherPatternUITests.framework; sourceTree = BUILT_PRODUCTS_DIR; };
		424E527F9E3D097EC38D47DF /* Pods-InfiniteScrollAnotherPatternTests.release.xcconfig */ = {isa = PBXFileReference; includeInIndex = 1; lastKnownFileType = text.xcconfig; name = "Pods-InfiniteScrollAnotherPatternTests.release.xcconfig"; path = "Target Support Files/Pods-InfiniteScrollAnotherPatternTests/Pods-InfiniteScrollAnotherPatternTests.release.xcconfig"; sourceTree = "<group>"; };
		6F987137A74771E5F05B97AA /* Pods-InfiniteScrollAnotherPattern.debug.xcconfig */ = {isa = PBXFileReference; includeInIndex = 1; lastKnownFileType = text.xcconfig; name = "Pods-InfiniteScrollAnotherPattern.debug.xcconfig"; path = "Target Support Files/Pods-InfiniteScrollAnotherPattern/Pods-InfiniteScrollAnotherPattern.debug.xcconfig"; sourceTree = "<group>"; };
		B6A86C3B3006239CC42A7845 /* Pods-InfiniteScrollAnotherPattern-InfiniteScrollAnotherPatternUITests.release.xcconfig */ = {isa = PBXFileReference; includeInIndex = 1; lastKnownFileType = text.xcconfig; name = "Pods-InfiniteScrollAnotherPattern-InfiniteScrollAnotherPatternUITests.release.xcconfig"; path = "Target Support Files/Pods-InfiniteScrollAnotherPattern-InfiniteScrollAnotherPatternUITests/Pods-InfiniteScrollAnotherPattern-InfiniteScrollAnotherPatternUITests.release.xcconfig"; sourceTree = "<group>"; };
		C5706D7239F569E8266844DE /* Pods-InfiniteScrollAnotherPattern.release.xcconfig */ = {isa = PBXFileReference; includeInIndex = 1; lastKnownFileType = text.xcconfig; name = "Pods-InfiniteScrollAnotherPattern.release.xcconfig"; path = "Target Support Files/Pods-InfiniteScrollAnotherPattern/Pods-InfiniteScrollAnotherPattern.release.xcconfig"; sourceTree = "<group>"; };
		DE958D1E22E6E83B00DB2C21 /* InfiniteScrollAnotherPattern.app */ = {isa = PBXFileReference; explicitFileType = wrapper.application; includeInIndex = 0; path = InfiniteScrollAnotherPattern.app; sourceTree = BUILT_PRODUCTS_DIR; };
		DE958D2122E6E83B00DB2C21 /* AppDelegate.swift */ = {isa = PBXFileReference; lastKnownFileType = sourcecode.swift; path = AppDelegate.swift; sourceTree = "<group>"; };
		DE958D2322E6E83B00DB2C21 /* MainViewController.swift */ = {isa = PBXFileReference; lastKnownFileType = sourcecode.swift; path = MainViewController.swift; sourceTree = "<group>"; };
		DE958D2622E6E83B00DB2C21 /* Base */ = {isa = PBXFileReference; lastKnownFileType = file.storyboard; name = Base; path = Base.lproj/MainViewController.storyboard; sourceTree = "<group>"; };
		DE958D2822E6E83F00DB2C21 /* Assets.xcassets */ = {isa = PBXFileReference; lastKnownFileType = folder.assetcatalog; path = Assets.xcassets; sourceTree = "<group>"; };
		DE958D2B22E6E83F00DB2C21 /* Base */ = {isa = PBXFileReference; lastKnownFileType = file.storyboard; name = Base; path = Base.lproj/LaunchScreen.storyboard; sourceTree = "<group>"; };
		DE958D2D22E6E83F00DB2C21 /* Info.plist */ = {isa = PBXFileReference; lastKnownFileType = text.plist.xml; path = Info.plist; sourceTree = "<group>"; };
		DE958D3222E6E83F00DB2C21 /* InfiniteScrollAnotherPatternTests.xctest */ = {isa = PBXFileReference; explicitFileType = wrapper.cfbundle; includeInIndex = 0; path = InfiniteScrollAnotherPatternTests.xctest; sourceTree = BUILT_PRODUCTS_DIR; };
		DE958D3622E6E83F00DB2C21 /* InfiniteScrollAnotherPatternTests.swift */ = {isa = PBXFileReference; lastKnownFileType = sourcecode.swift; path = InfiniteScrollAnotherPatternTests.swift; sourceTree = "<group>"; };
		DE958D3822E6E83F00DB2C21 /* Info.plist */ = {isa = PBXFileReference; lastKnownFileType = text.plist.xml; path = Info.plist; sourceTree = "<group>"; };
		DE958D3D22E6E83F00DB2C21 /* InfiniteScrollAnotherPatternUITests.xctest */ = {isa = PBXFileReference; explicitFileType = wrapper.cfbundle; includeInIndex = 0; path = InfiniteScrollAnotherPatternUITests.xctest; sourceTree = BUILT_PRODUCTS_DIR; };
		DE958D4122E6E83F00DB2C21 /* InfiniteScrollAnotherPatternUITests.swift */ = {isa = PBXFileReference; lastKnownFileType = sourcecode.swift; path = InfiniteScrollAnotherPatternUITests.swift; sourceTree = "<group>"; };
		DE958D4322E6E83F00DB2C21 /* Info.plist */ = {isa = PBXFileReference; lastKnownFileType = text.plist.xml; path = Info.plist; sourceTree = "<group>"; };
		DE958D5B22F01FBC00DB2C21 /* NSObjectProtocolExtension.swift */ = {isa = PBXFileReference; lastKnownFileType = sourcecode.swift; path = NSObjectProtocolExtension.swift; sourceTree = "<group>"; };
		DE958D5D22F01FCE00DB2C21 /* UICollectionViewExtension.swift */ = {isa = PBXFileReference; lastKnownFileType = sourcecode.swift; path = UICollectionViewExtension.swift; sourceTree = "<group>"; };
		DE958D5F22F0204E00DB2C21 /* CustomViewBase.swift */ = {isa = PBXFileReference; lastKnownFileType = sourcecode.swift; path = CustomViewBase.swift; sourceTree = "<group>"; };
		DE9BEA2A259BBD1E000E94B0 /* UILabelDecorator.swift */ = {isa = PBXFileReference; lastKnownFileType = sourcecode.swift; path = UILabelDecorator.swift; sourceTree = "<group>"; };
		DE9BEA3B259BBDFF000E94B0 /* UIColorExtension.swift */ = {isa = PBXFileReference; lastKnownFileType = sourcecode.swift; path = UIColorExtension.swift; sourceTree = "<group>"; };
		DE9BEA40259BBE40000E94B0 /* UIViewControllerExtension.swift */ = {isa = PBXFileReference; lastKnownFileType = sourcecode.swift; path = UIViewControllerExtension.swift; sourceTree = "<group>"; };
		DE9BEA45259BBE5D000E94B0 /* UITableViewExtension.swift */ = {isa = PBXFileReference; lastKnownFileType = sourcecode.swift; path = UITableViewExtension.swift; sourceTree = "<group>"; };
		DEAC31FB259DD93200B72134 /* GlobalTabBarController.swift */ = {isa = PBXFileReference; lastKnownFileType = sourcecode.swift; path = GlobalTabBarController.swift; sourceTree = "<group>"; };
		DEAC3206259DDA3C00B72134 /* StoryboardInstantiatable.swift */ = {isa = PBXFileReference; lastKnownFileType = sourcecode.swift; path = StoryboardInstantiatable.swift; sourceTree = "<group>"; };
		DEAC320C259DDAAB00B72134 /* Base */ = {isa = PBXFileReference; lastKnownFileType = file.storyboard; name = Base; path = Base.lproj/GlobalTabBarControllerstoryboard.storyboard; sourceTree = "<group>"; };
		E4DA912FD8BFE6BEB104AFC1 /* Pods_InfiniteScrollAnotherPattern.framework */ = {isa = PBXFileReference; explicitFileType = wrapper.framework; includeInIndex = 0; path = Pods_InfiniteScrollAnotherPattern.framework; sourceTree = BUILT_PRODUCTS_DIR; };
		FBB15C7915712D40C10B15AB /* Pods-InfiniteScrollAnotherPatternTests.debug.xcconfig */ = {isa = PBXFileReference; includeInIndex = 1; lastKnownFileType = text.xcconfig; name = "Pods-InfiniteScrollAnotherPatternTests.debug.xcconfig"; path = "Target Support Files/Pods-InfiniteScrollAnotherPatternTests/Pods-InfiniteScrollAnotherPatternTests.debug.xcconfig"; sourceTree = "<group>"; };
/* End PBXFileReference section */

/* Begin PBXFrameworksBuildPhase section */
		DE958D1B22E6E83B00DB2C21 /* Frameworks */ = {
			isa = PBXFrameworksBuildPhase;
			buildActionMask = 2147483647;
			files = (
				F214B7164AFBC4B3908569D3 /* Pods_InfiniteScrollAnotherPattern.framework in Frameworks */,
			);
			runOnlyForDeploymentPostprocessing = 0;
		};
		DE958D2F22E6E83F00DB2C21 /* Frameworks */ = {
			isa = PBXFrameworksBuildPhase;
			buildActionMask = 2147483647;
			files = (
				BD1A8EE875F60035298E3A22 /* Pods_InfiniteScrollAnotherPatternTests.framework in Frameworks */,
			);
			runOnlyForDeploymentPostprocessing = 0;
		};
		DE958D3A22E6E83F00DB2C21 /* Frameworks */ = {
			isa = PBXFrameworksBuildPhase;
			buildActionMask = 2147483647;
			files = (
				BE6B44A45EAE94F5AD8BAC23 /* Pods_InfiniteScrollAnotherPattern_InfiniteScrollAnotherPatternUITests.framework in Frameworks */,
			);
			runOnlyForDeploymentPostprocessing = 0;
		};
/* End PBXFrameworksBuildPhase section */

/* Begin PBXGroup section */
		DE958D1522E6E83B00DB2C21 = {
			isa = PBXGroup;
			children = (
				DE958D2022E6E83B00DB2C21 /* InfiniteScrollAnotherPattern */,
				DE958D3522E6E83F00DB2C21 /* InfiniteScrollAnotherPatternTests */,
				DE958D4022E6E83F00DB2C21 /* InfiniteScrollAnotherPatternUITests */,
				DE958D1F22E6E83B00DB2C21 /* Products */,
				E3138C5CF5499C99D84C2C3A /* Pods */,
				EFFC4977174EF6D04E7FD322 /* Frameworks */,
			);
			sourceTree = "<group>";
		};
		DE958D1F22E6E83B00DB2C21 /* Products */ = {
			isa = PBXGroup;
			children = (
				DE958D1E22E6E83B00DB2C21 /* InfiniteScrollAnotherPattern.app */,
				DE958D3222E6E83F00DB2C21 /* InfiniteScrollAnotherPatternTests.xctest */,
				DE958D3D22E6E83F00DB2C21 /* InfiniteScrollAnotherPatternUITests.xctest */,
			);
			name = Products;
			sourceTree = "<group>";
		};
		DE958D2022E6E83B00DB2C21 /* InfiniteScrollAnotherPattern */ = {
			isa = PBXGroup;
			children = (
				DE958D2D22E6E83F00DB2C21 /* Info.plist */,
				DE958D2122E6E83B00DB2C21 /* AppDelegate.swift */,
				DE958D2822E6E83F00DB2C21 /* Assets.xcassets */,
				DE958D5522F01F0E00DB2C21 /* Classes */,
				DEBB023925AE7DE40080980C /* Domain */,
				DE958D5722F01F3800DB2C21 /* Extension */,
				DEBB023A25AE7DEA0080980C /* Infrastructure */,
				DE9BEA29259BBCF9000E94B0 /* Modules */,
				DE9BEA4A259BBE6E000E94B0 /* Presentation */,
				DE958D5622F01F3000DB2C21 /* Storyboard */,
				DE958D5922F01F5300DB2C21 /* View */,
				DE958D5822F01F4800DB2C21 /* ViewController */,
			);
			path = InfiniteScrollAnotherPattern;
			sourceTree = "<group>";
		};
		DE958D3522E6E83F00DB2C21 /* InfiniteScrollAnotherPatternTests */ = {
			isa = PBXGroup;
			children = (
				DE958D3622E6E83F00DB2C21 /* InfiniteScrollAnotherPatternTests.swift */,
				DE958D3822E6E83F00DB2C21 /* Info.plist */,
			);
			path = InfiniteScrollAnotherPatternTests;
			sourceTree = "<group>";
		};
		DE958D4022E6E83F00DB2C21 /* InfiniteScrollAnotherPatternUITests */ = {
			isa = PBXGroup;
			children = (
				DE958D4122E6E83F00DB2C21 /* InfiniteScrollAnotherPatternUITests.swift */,
				DE958D4322E6E83F00DB2C21 /* Info.plist */,
			);
			path = InfiniteScrollAnotherPatternUITests;
			sourceTree = "<group>";
		};
		DE958D5522F01F0E00DB2C21 /* Classes */ = {
			isa = PBXGroup;
			children = (
			);
			path = Classes;
			sourceTree = "<group>";
		};
		DE958D5622F01F3000DB2C21 /* Storyboard */ = {
			isa = PBXGroup;
			children = (
				DE958D2A22E6E83F00DB2C21 /* LaunchScreen.storyboard */,
				DEAC320B259DDAAB00B72134 /* GlobalTabBarControllerstoryboard.storyboard */,
				DE958D2522E6E83B00DB2C21 /* MainViewController.storyboard */,
			);
			path = Storyboard;
			sourceTree = "<group>";
		};
		DE958D5722F01F3800DB2C21 /* Extension */ = {
			isa = PBXGroup;
			children = (
				DE958D5B22F01FBC00DB2C21 /* NSObjectProtocolExtension.swift */,
				DE958D5D22F01FCE00DB2C21 /* UICollectionViewExtension.swift */,
				DE9BEA3B259BBDFF000E94B0 /* UIColorExtension.swift */,
				DE9BEA40259BBE40000E94B0 /* UIViewControllerExtension.swift */,
				DE9BEA45259BBE5D000E94B0 /* UITableViewExtension.swift */,
				DEAC3206259DDA3C00B72134 /* StoryboardInstantiatable.swift */,
			);
			path = Extension;
			sourceTree = "<group>";
		};
		DE958D5822F01F4800DB2C21 /* ViewController */ = {
			isa = PBXGroup;
			children = (
				DEAC31FB259DD93200B72134 /* GlobalTabBarController.swift */,
				DE958D2322E6E83B00DB2C21 /* MainViewController.swift */,
			);
			path = ViewController;
			sourceTree = "<group>";
		};
		DE958D5922F01F5300DB2C21 /* View */ = {
			isa = PBXGroup;
			children = (
				DE958D5F22F0204E00DB2C21 /* CustomViewBase.swift */,
				DEBB023825AE78510080980C /* CategoryTabCollectionViewCell */,
			);
			path = View;
			sourceTree = "<group>";
		};
		DE9BEA29259BBCF9000E94B0 /* Modules */ = {
			isa = PBXGroup;
			children = (
				DE9BEA2A259BBD1E000E94B0 /* UILabelDecorator.swift */,
			);
			path = Modules;
			sourceTree = "<group>";
		};
		DE9BEA4A259BBE6E000E94B0 /* Presentation */ = {
			isa = PBXGroup;
			children = (
				DE9BEA4B259BBE7C000E94B0 /* Contract */,
				DE9BEA4C259BBE83000E94B0 /* Presenter */,
			);
			path = Presentation;
			sourceTree = "<group>";
		};
		DE9BEA4B259BBE7C000E94B0 /* Contract */ = {
			isa = PBXGroup;
			children = (
			);
			path = Contract;
			sourceTree = "<group>";
		};
		DE9BEA4C259BBE83000E94B0 /* Presenter */ = {
			isa = PBXGroup;
			children = (
			);
			path = Presenter;
			sourceTree = "<group>";
		};
		DEBB023825AE78510080980C /* CategoryTabCollectionViewCell */ = {
			isa = PBXGroup;
			children = (
			);
			path = CategoryTabCollectionViewCell;
			sourceTree = "<group>";
		};
		DEBB023925AE7DE40080980C /* Domain */ = {
			isa = PBXGroup;
			children = (
				DEBB023B25AE7DF50080980C /* Repository */,
			);
			path = Domain;
			sourceTree = "<group>";
		};
		DEBB023A25AE7DEA0080980C /* Infrastructure */ = {
			isa = PBXGroup;
			children = (
			);
			path = Infrastructure;
			sourceTree = "<group>";
		};
		DEBB023B25AE7DF50080980C /* Repository */ = {
			isa = PBXGroup;
			children = (
			);
			path = Repository;
			sourceTree = "<group>";
		};
		E3138C5CF5499C99D84C2C3A /* Pods */ = {
			isa = PBXGroup;
			children = (
				6F987137A74771E5F05B97AA /* Pods-InfiniteScrollAnotherPattern.debug.xcconfig */,
				C5706D7239F569E8266844DE /* Pods-InfiniteScrollAnotherPattern.release.xcconfig */,
				271479F2C8BA3FFBD1EB355A /* Pods-InfiniteScrollAnotherPattern-InfiniteScrollAnotherPatternUITests.debug.xcconfig */,
				B6A86C3B3006239CC42A7845 /* Pods-InfiniteScrollAnotherPattern-InfiniteScrollAnotherPatternUITests.release.xcconfig */,
				FBB15C7915712D40C10B15AB /* Pods-InfiniteScrollAnotherPatternTests.debug.xcconfig */,
				424E527F9E3D097EC38D47DF /* Pods-InfiniteScrollAnotherPatternTests.release.xcconfig */,
			);
			path = Pods;
			sourceTree = "<group>";
		};
		EFFC4977174EF6D04E7FD322 /* Frameworks */ = {
			isa = PBXGroup;
			children = (
				E4DA912FD8BFE6BEB104AFC1 /* Pods_InfiniteScrollAnotherPattern.framework */,
				2DED55D170DE8DE2FD1D42FE /* Pods_InfiniteScrollAnotherPattern_InfiniteScrollAnotherPatternUITests.framework */,
				2CBFA6E2BE8B0C63C8E3FB47 /* Pods_InfiniteScrollAnotherPatternTests.framework */,
			);
			name = Frameworks;
			sourceTree = "<group>";
		};
/* End PBXGroup section */

/* Begin PBXNativeTarget section */
		DE958D1D22E6E83B00DB2C21 /* InfiniteScrollAnotherPattern */ = {
			isa = PBXNativeTarget;
			buildConfigurationList = DE958D4622E6E83F00DB2C21 /* Build configuration list for PBXNativeTarget "InfiniteScrollAnotherPattern" */;
			buildPhases = (
				9EF0D7A751A761707AFE2F59 /* [CP] Check Pods Manifest.lock */,
				DE958D1A22E6E83B00DB2C21 /* Sources */,
				DE958D1B22E6E83B00DB2C21 /* Frameworks */,
				DE958D1C22E6E83B00DB2C21 /* Resources */,
				BC7728401488AAB0D87D79BC /* [CP] Embed Pods Frameworks */,
			);
			buildRules = (
			);
			dependencies = (
			);
			name = InfiniteScrollAnotherPattern;
			productName = InfiniteScrollAnotherPattern;
			productReference = DE958D1E22E6E83B00DB2C21 /* InfiniteScrollAnotherPattern.app */;
			productType = "com.apple.product-type.application";
		};
		DE958D3122E6E83F00DB2C21 /* InfiniteScrollAnotherPatternTests */ = {
			isa = PBXNativeTarget;
			buildConfigurationList = DE958D4922E6E83F00DB2C21 /* Build configuration list for PBXNativeTarget "InfiniteScrollAnotherPatternTests" */;
			buildPhases = (
				2320ACD3CC188A40E17AC555 /* [CP] Check Pods Manifest.lock */,
				DE958D2E22E6E83F00DB2C21 /* Sources */,
				DE958D2F22E6E83F00DB2C21 /* Frameworks */,
				DE958D3022E6E83F00DB2C21 /* Resources */,
			);
			buildRules = (
			);
			dependencies = (
				DE958D3422E6E83F00DB2C21 /* PBXTargetDependency */,
			);
			name = InfiniteScrollAnotherPatternTests;
			productName = InfiniteScrollAnotherPatternTests;
			productReference = DE958D3222E6E83F00DB2C21 /* InfiniteScrollAnotherPatternTests.xctest */;
			productType = "com.apple.product-type.bundle.unit-test";
		};
		DE958D3C22E6E83F00DB2C21 /* InfiniteScrollAnotherPatternUITests */ = {
			isa = PBXNativeTarget;
			buildConfigurationList = DE958D4C22E6E83F00DB2C21 /* Build configuration list for PBXNativeTarget "InfiniteScrollAnotherPatternUITests" */;
			buildPhases = (
				5837B5BBE152619E3969E782 /* [CP] Check Pods Manifest.lock */,
				DE958D3922E6E83F00DB2C21 /* Sources */,
				DE958D3A22E6E83F00DB2C21 /* Frameworks */,
				DE958D3B22E6E83F00DB2C21 /* Resources */,
				8A4AA0B5298ACE9518D8EFCB /* [CP] Embed Pods Frameworks */,
			);
			buildRules = (
			);
			dependencies = (
				DE958D3F22E6E83F00DB2C21 /* PBXTargetDependency */,
			);
			name = InfiniteScrollAnotherPatternUITests;
			productName = InfiniteScrollAnotherPatternUITests;
			productReference = DE958D3D22E6E83F00DB2C21 /* InfiniteScrollAnotherPatternUITests.xctest */;
			productType = "com.apple.product-type.bundle.ui-testing";
		};
/* End PBXNativeTarget section */

/* Begin PBXProject section */
		DE958D1622E6E83B00DB2C21 /* Project object */ = {
			isa = PBXProject;
			attributes = {
				LastSwiftUpdateCheck = 1020;
				LastUpgradeCheck = 1230;
				ORGANIZATIONNAME = "酒井文也";
				TargetAttributes = {
					DE958D1D22E6E83B00DB2C21 = {
						CreatedOnToolsVersion = 10.2.1;
					};
					DE958D3122E6E83F00DB2C21 = {
						CreatedOnToolsVersion = 10.2.1;
						TestTargetID = DE958D1D22E6E83B00DB2C21;
					};
					DE958D3C22E6E83F00DB2C21 = {
						CreatedOnToolsVersion = 10.2.1;
						TestTargetID = DE958D1D22E6E83B00DB2C21;
					};
				};
			};
			buildConfigurationList = DE958D1922E6E83B00DB2C21 /* Build configuration list for PBXProject "InfiniteScrollAnotherPattern" */;
			compatibilityVersion = "Xcode 9.3";
			developmentRegion = en;
			hasScannedForEncodings = 0;
			knownRegions = (
				en,
				Base,
			);
			mainGroup = DE958D1522E6E83B00DB2C21;
			productRefGroup = DE958D1F22E6E83B00DB2C21 /* Products */;
			projectDirPath = "";
			projectRoot = "";
			targets = (
				DE958D1D22E6E83B00DB2C21 /* InfiniteScrollAnotherPattern */,
				DE958D3122E6E83F00DB2C21 /* InfiniteScrollAnotherPatternTests */,
				DE958D3C22E6E83F00DB2C21 /* InfiniteScrollAnotherPatternUITests */,
			);
		};
/* End PBXProject section */

/* Begin PBXResourcesBuildPhase section */
		DE958D1C22E6E83B00DB2C21 /* Resources */ = {
			isa = PBXResourcesBuildPhase;
			buildActionMask = 2147483647;
			files = (
				DEAC320D259DDAAB00B72134 /* GlobalTabBarControllerstoryboard.storyboard in Resources */,
				DE958D2C22E6E83F00DB2C21 /* LaunchScreen.storyboard in Resources */,
				DE958D2922E6E83F00DB2C21 /* Assets.xcassets in Resources */,
				DE958D2722E6E83B00DB2C21 /* MainViewController.storyboard in Resources */,
			);
			runOnlyForDeploymentPostprocessing = 0;
		};
		DE958D3022E6E83F00DB2C21 /* Resources */ = {
			isa = PBXResourcesBuildPhase;
			buildActionMask = 2147483647;
			files = (
			);
			runOnlyForDeploymentPostprocessing = 0;
		};
		DE958D3B22E6E83F00DB2C21 /* Resources */ = {
			isa = PBXResourcesBuildPhase;
			buildActionMask = 2147483647;
			files = (
			);
			runOnlyForDeploymentPostprocessing = 0;
		};
/* End PBXResourcesBuildPhase section */

/* Begin PBXShellScriptBuildPhase section */
		2320ACD3CC188A40E17AC555 /* [CP] Check Pods Manifest.lock */ = {
			isa = PBXShellScriptBuildPhase;
			buildActionMask = 2147483647;
			files = (
			);
			inputFileListPaths = (
			);
			inputPaths = (
				"${PODS_PODFILE_DIR_PATH}/Podfile.lock",
				"${PODS_ROOT}/Manifest.lock",
			);
			name = "[CP] Check Pods Manifest.lock";
			outputFileListPaths = (
			);
			outputPaths = (
				"$(DERIVED_FILE_DIR)/Pods-InfiniteScrollAnotherPatternTests-checkManifestLockResult.txt",
			);
			runOnlyForDeploymentPostprocessing = 0;
			shellPath = /bin/sh;
			shellScript = "diff \"${PODS_PODFILE_DIR_PATH}/Podfile.lock\" \"${PODS_ROOT}/Manifest.lock\" > /dev/null\nif [ $? != 0 ] ; then\n    # print error to STDERR\n    echo \"error: The sandbox is not in sync with the Podfile.lock. Run 'pod install' or update your CocoaPods installation.\" >&2\n    exit 1\nfi\n# This output is used by Xcode 'outputs' to avoid re-running this script phase.\necho \"SUCCESS\" > \"${SCRIPT_OUTPUT_FILE_0}\"\n";
			showEnvVarsInLog = 0;
		};
		5837B5BBE152619E3969E782 /* [CP] Check Pods Manifest.lock */ = {
			isa = PBXShellScriptBuildPhase;
			buildActionMask = 2147483647;
			files = (
			);
			inputFileListPaths = (
			);
			inputPaths = (
				"${PODS_PODFILE_DIR_PATH}/Podfile.lock",
				"${PODS_ROOT}/Manifest.lock",
			);
			name = "[CP] Check Pods Manifest.lock";
			outputFileListPaths = (
			);
			outputPaths = (
				"$(DERIVED_FILE_DIR)/Pods-InfiniteScrollAnotherPattern-InfiniteScrollAnotherPatternUITests-checkManifestLockResult.txt",
			);
			runOnlyForDeploymentPostprocessing = 0;
			shellPath = /bin/sh;
			shellScript = "diff \"${PODS_PODFILE_DIR_PATH}/Podfile.lock\" \"${PODS_ROOT}/Manifest.lock\" > /dev/null\nif [ $? != 0 ] ; then\n    # print error to STDERR\n    echo \"error: The sandbox is not in sync with the Podfile.lock. Run 'pod install' or update your CocoaPods installation.\" >&2\n    exit 1\nfi\n# This output is used by Xcode 'outputs' to avoid re-running this script phase.\necho \"SUCCESS\" > \"${SCRIPT_OUTPUT_FILE_0}\"\n";
			showEnvVarsInLog = 0;
		};
		8A4AA0B5298ACE9518D8EFCB /* [CP] Embed Pods Frameworks */ = {
			isa = PBXShellScriptBuildPhase;
			buildActionMask = 2147483647;
			files = (
			);
			inputFileListPaths = (
				"${PODS_ROOT}/Target Support Files/Pods-InfiniteScrollAnotherPattern-InfiniteScrollAnotherPatternUITests/Pods-InfiniteScrollAnotherPattern-InfiniteScrollAnotherPatternUITests-frameworks-${CONFIGURATION}-input-files.xcfilelist",
			);
			name = "[CP] Embed Pods Frameworks";
			outputFileListPaths = (
				"${PODS_ROOT}/Target Support Files/Pods-InfiniteScrollAnotherPattern-InfiniteScrollAnotherPatternUITests/Pods-InfiniteScrollAnotherPattern-InfiniteScrollAnotherPatternUITests-frameworks-${CONFIGURATION}-output-files.xcfilelist",
			);
			runOnlyForDeploymentPostprocessing = 0;
			shellPath = /bin/sh;
			shellScript = "\"${PODS_ROOT}/Target Support Files/Pods-InfiniteScrollAnotherPattern-InfiniteScrollAnotherPatternUITests/Pods-InfiniteScrollAnotherPattern-InfiniteScrollAnotherPatternUITests-frameworks.sh\"\n";
			showEnvVarsInLog = 0;
		};
		9EF0D7A751A761707AFE2F59 /* [CP] Check Pods Manifest.lock */ = {
			isa = PBXShellScriptBuildPhase;
			buildActionMask = 2147483647;
			files = (
			);
			inputFileListPaths = (
			);
			inputPaths = (
				"${PODS_PODFILE_DIR_PATH}/Podfile.lock",
				"${PODS_ROOT}/Manifest.lock",
			);
			name = "[CP] Check Pods Manifest.lock";
			outputFileListPaths = (
			);
			outputPaths = (
				"$(DERIVED_FILE_DIR)/Pods-InfiniteScrollAnotherPattern-checkManifestLockResult.txt",
			);
			runOnlyForDeploymentPostprocessing = 0;
			shellPath = /bin/sh;
			shellScript = "diff \"${PODS_PODFILE_DIR_PATH}/Podfile.lock\" \"${PODS_ROOT}/Manifest.lock\" > /dev/null\nif [ $? != 0 ] ; then\n    # print error to STDERR\n    echo \"error: The sandbox is not in sync with the Podfile.lock. Run 'pod install' or update your CocoaPods installation.\" >&2\n    exit 1\nfi\n# This output is used by Xcode 'outputs' to avoid re-running this script phase.\necho \"SUCCESS\" > \"${SCRIPT_OUTPUT_FILE_0}\"\n";
			showEnvVarsInLog = 0;
		};
		BC7728401488AAB0D87D79BC /* [CP] Embed Pods Frameworks */ = {
			isa = PBXShellScriptBuildPhase;
			buildActionMask = 2147483647;
			files = (
			);
			inputFileListPaths = (
				"${PODS_ROOT}/Target Support Files/Pods-InfiniteScrollAnotherPattern/Pods-InfiniteScrollAnotherPattern-frameworks-${CONFIGURATION}-input-files.xcfilelist",
			);
			name = "[CP] Embed Pods Frameworks";
			outputFileListPaths = (
				"${PODS_ROOT}/Target Support Files/Pods-InfiniteScrollAnotherPattern/Pods-InfiniteScrollAnotherPattern-frameworks-${CONFIGURATION}-output-files.xcfilelist",
			);
			runOnlyForDeploymentPostprocessing = 0;
			shellPath = /bin/sh;
			shellScript = "\"${PODS_ROOT}/Target Support Files/Pods-InfiniteScrollAnotherPattern/Pods-InfiniteScrollAnotherPattern-frameworks.sh\"\n";
			showEnvVarsInLog = 0;
		};
/* End PBXShellScriptBuildPhase section */

/* Begin PBXSourcesBuildPhase section */
		DE958D1A22E6E83B00DB2C21 /* Sources */ = {
			isa = PBXSourcesBuildPhase;
			buildActionMask = 2147483647;
			files = (
				DE958D6022F0204E00DB2C21 /* CustomViewBase.swift in Sources */,
				DE9BEA3C259BBDFF000E94B0 /* UIColorExtension.swift in Sources */,
				DEAC31FC259DD93200B72134 /* GlobalTabBarController.swift in Sources */,
				DE9BEA2B259BBD1E000E94B0 /* UILabelDecorator.swift in Sources */,
				DE958D5E22F01FCE00DB2C21 /* UICollectionViewExtension.swift in Sources */,
				DE9BEA41259BBE40000E94B0 /* UIViewControllerExtension.swift in Sources */,
				DE958D5C22F01FBC00DB2C21 /* NSObjectProtocolExtension.swift in Sources */,
				DEAC3207259DDA3C00B72134 /* StoryboardInstantiatable.swift in Sources */,
				DE9BEA46259BBE5D000E94B0 /* UITableViewExtension.swift in Sources */,
				DE958D2422E6E83B00DB2C21 /* MainViewController.swift in Sources */,
				DE958D2222E6E83B00DB2C21 /* AppDelegate.swift in Sources */,
			);
			runOnlyForDeploymentPostprocessing = 0;
		};
		DE958D2E22E6E83F00DB2C21 /* Sources */ = {
			isa = PBXSourcesBuildPhase;
			buildActionMask = 2147483647;
			files = (
				DE958D3722E6E83F00DB2C21 /* InfiniteScrollAnotherPatternTests.swift in Sources */,
			);
			runOnlyForDeploymentPostprocessing = 0;
		};
		DE958D3922E6E83F00DB2C21 /* Sources */ = {
			isa = PBXSourcesBuildPhase;
			buildActionMask = 2147483647;
			files = (
				DE958D4222E6E83F00DB2C21 /* InfiniteScrollAnotherPatternUITests.swift in Sources */,
			);
			runOnlyForDeploymentPostprocessing = 0;
		};
/* End PBXSourcesBuildPhase section */

/* Begin PBXTargetDependency section */
		DE958D3422E6E83F00DB2C21 /* PBXTargetDependency */ = {
			isa = PBXTargetDependency;
			target = DE958D1D22E6E83B00DB2C21 /* InfiniteScrollAnotherPattern */;
			targetProxy = DE958D3322E6E83F00DB2C21 /* PBXContainerItemProxy */;
		};
		DE958D3F22E6E83F00DB2C21 /* PBXTargetDependency */ = {
			isa = PBXTargetDependency;
			target = DE958D1D22E6E83B00DB2C21 /* InfiniteScrollAnotherPattern */;
			targetProxy = DE958D3E22E6E83F00DB2C21 /* PBXContainerItemProxy */;
		};
/* End PBXTargetDependency section */

/* Begin PBXVariantGroup section */
		DE958D2522E6E83B00DB2C21 /* MainViewController.storyboard */ = {
			isa = PBXVariantGroup;
			children = (
				DE958D2622E6E83B00DB2C21 /* Base */,
			);
			name = MainViewController.storyboard;
			sourceTree = "<group>";
		};
		DE958D2A22E6E83F00DB2C21 /* LaunchScreen.storyboard */ = {
			isa = PBXVariantGroup;
			children = (
				DE958D2B22E6E83F00DB2C21 /* Base */,
			);
			name = LaunchScreen.storyboard;
			sourceTree = "<group>";
		};
		DEAC320B259DDAAB00B72134 /* GlobalTabBarControllerstoryboard.storyboard */ = {
			isa = PBXVariantGroup;
			children = (
				DEAC320C259DDAAB00B72134 /* Base */,
			);
			name = GlobalTabBarControllerstoryboard.storyboard;
			sourceTree = "<group>";
		};
/* End PBXVariantGroup section */

/* Begin XCBuildConfiguration section */
		DE958D4422E6E83F00DB2C21 /* Debug */ = {
			isa = XCBuildConfiguration;
			buildSettings = {
				ALWAYS_SEARCH_USER_PATHS = NO;
				CLANG_ANALYZER_NONNULL = YES;
				CLANG_ANALYZER_NUMBER_OBJECT_CONVERSION = YES_AGGRESSIVE;
				CLANG_CXX_LANGUAGE_STANDARD = "gnu++14";
				CLANG_CXX_LIBRARY = "libc++";
				CLANG_ENABLE_MODULES = YES;
				CLANG_ENABLE_OBJC_ARC = YES;
				CLANG_ENABLE_OBJC_WEAK = YES;
				CLANG_WARN_BLOCK_CAPTURE_AUTORELEASING = YES;
				CLANG_WARN_BOOL_CONVERSION = YES;
				CLANG_WARN_COMMA = YES;
				CLANG_WARN_CONSTANT_CONVERSION = YES;
				CLANG_WARN_DEPRECATED_OBJC_IMPLEMENTATIONS = YES;
				CLANG_WARN_DIRECT_OBJC_ISA_USAGE = YES_ERROR;
				CLANG_WARN_DOCUMENTATION_COMMENTS = YES;
				CLANG_WARN_EMPTY_BODY = YES;
				CLANG_WARN_ENUM_CONVERSION = YES;
				CLANG_WARN_INFINITE_RECURSION = YES;
				CLANG_WARN_INT_CONVERSION = YES;
				CLANG_WARN_NON_LITERAL_NULL_CONVERSION = YES;
				CLANG_WARN_OBJC_IMPLICIT_RETAIN_SELF = YES;
				CLANG_WARN_OBJC_LITERAL_CONVERSION = YES;
				CLANG_WARN_OBJC_ROOT_CLASS = YES_ERROR;
				CLANG_WARN_QUOTED_INCLUDE_IN_FRAMEWORK_HEADER = YES;
				CLANG_WARN_RANGE_LOOP_ANALYSIS = YES;
				CLANG_WARN_STRICT_PROTOTYPES = YES;
				CLANG_WARN_SUSPICIOUS_MOVE = YES;
				CLANG_WARN_UNGUARDED_AVAILABILITY = YES_AGGRESSIVE;
				CLANG_WARN_UNREACHABLE_CODE = YES;
				CLANG_WARN__DUPLICATE_METHOD_MATCH = YES;
				CODE_SIGN_IDENTITY = "iPhone Developer";
				COPY_PHASE_STRIP = NO;
				DEBUG_INFORMATION_FORMAT = dwarf;
				ENABLE_STRICT_OBJC_MSGSEND = YES;
				ENABLE_TESTABILITY = YES;
				GCC_C_LANGUAGE_STANDARD = gnu11;
				GCC_DYNAMIC_NO_PIC = NO;
				GCC_NO_COMMON_BLOCKS = YES;
				GCC_OPTIMIZATION_LEVEL = 0;
				GCC_PREPROCESSOR_DEFINITIONS = (
					"DEBUG=1",
					"$(inherited)",
				);
				GCC_WARN_64_TO_32_BIT_CONVERSION = YES;
				GCC_WARN_ABOUT_RETURN_TYPE = YES_ERROR;
				GCC_WARN_UNDECLARED_SELECTOR = YES;
				GCC_WARN_UNINITIALIZED_AUTOS = YES_AGGRESSIVE;
				GCC_WARN_UNUSED_FUNCTION = YES;
				GCC_WARN_UNUSED_VARIABLE = YES;
				IPHONEOS_DEPLOYMENT_TARGET = 12.2;
				MTL_ENABLE_DEBUG_INFO = INCLUDE_SOURCE;
				MTL_FAST_MATH = YES;
				ONLY_ACTIVE_ARCH = YES;
				SDKROOT = iphoneos;
				SWIFT_ACTIVE_COMPILATION_CONDITIONS = DEBUG;
				SWIFT_OPTIMIZATION_LEVEL = "-Onone";
			};
			name = Debug;
		};
		DE958D4522E6E83F00DB2C21 /* Release */ = {
			isa = XCBuildConfiguration;
			buildSettings = {
				ALWAYS_SEARCH_USER_PATHS = NO;
				CLANG_ANALYZER_NONNULL = YES;
				CLANG_ANALYZER_NUMBER_OBJECT_CONVERSION = YES_AGGRESSIVE;
				CLANG_CXX_LANGUAGE_STANDARD = "gnu++14";
				CLANG_CXX_LIBRARY = "libc++";
				CLANG_ENABLE_MODULES = YES;
				CLANG_ENABLE_OBJC_ARC = YES;
				CLANG_ENABLE_OBJC_WEAK = YES;
				CLANG_WARN_BLOCK_CAPTURE_AUTORELEASING = YES;
				CLANG_WARN_BOOL_CONVERSION = YES;
				CLANG_WARN_COMMA = YES;
				CLANG_WARN_CONSTANT_CONVERSION = YES;
				CLANG_WARN_DEPRECATED_OBJC_IMPLEMENTATIONS = YES;
				CLANG_WARN_DIRECT_OBJC_ISA_USAGE = YES_ERROR;
				CLANG_WARN_DOCUMENTATION_COMMENTS = YES;
				CLANG_WARN_EMPTY_BODY = YES;
				CLANG_WARN_ENUM_CONVERSION = YES;
				CLANG_WARN_INFINITE_RECURSION = YES;
				CLANG_WARN_INT_CONVERSION = YES;
				CLANG_WARN_NON_LITERAL_NULL_CONVERSION = YES;
				CLANG_WARN_OBJC_IMPLICIT_RETAIN_SELF = YES;
				CLANG_WARN_OBJC_LITERAL_CONVERSION = YES;
				CLANG_WARN_OBJC_ROOT_CLASS = YES_ERROR;
				CLANG_WARN_QUOTED_INCLUDE_IN_FRAMEWORK_HEADER = YES;
				CLANG_WARN_RANGE_LOOP_ANALYSIS = YES;
				CLANG_WARN_STRICT_PROTOTYPES = YES;
				CLANG_WARN_SUSPICIOUS_MOVE = YES;
				CLANG_WARN_UNGUARDED_AVAILABILITY = YES_AGGRESSIVE;
				CLANG_WARN_UNREACHABLE_CODE = YES;
				CLANG_WARN__DUPLICATE_METHOD_MATCH = YES;
				CODE_SIGN_IDENTITY = "iPhone Developer";
				COPY_PHASE_STRIP = NO;
				DEBUG_INFORMATION_FORMAT = "dwarf-with-dsym";
				ENABLE_NS_ASSERTIONS = NO;
				ENABLE_STRICT_OBJC_MSGSEND = YES;
				GCC_C_LANGUAGE_STANDARD = gnu11;
				GCC_NO_COMMON_BLOCKS = YES;
				GCC_WARN_64_TO_32_BIT_CONVERSION = YES;
				GCC_WARN_ABOUT_RETURN_TYPE = YES_ERROR;
				GCC_WARN_UNDECLARED_SELECTOR = YES;
				GCC_WARN_UNINITIALIZED_AUTOS = YES_AGGRESSIVE;
				GCC_WARN_UNUSED_FUNCTION = YES;
				GCC_WARN_UNUSED_VARIABLE = YES;
				IPHONEOS_DEPLOYMENT_TARGET = 12.2;
				MTL_ENABLE_DEBUG_INFO = NO;
				MTL_FAST_MATH = YES;
				SDKROOT = iphoneos;
				SWIFT_COMPILATION_MODE = wholemodule;
				SWIFT_OPTIMIZATION_LEVEL = "-O";
				VALIDATE_PRODUCT = YES;
			};
			name = Release;
		};
		DE958D4722E6E83F00DB2C21 /* Debug */ = {
			isa = XCBuildConfiguration;
			baseConfigurationReference = 6F987137A74771E5F05B97AA /* Pods-InfiniteScrollAnotherPattern.debug.xcconfig */;
			buildSettings = {
				ASSETCATALOG_COMPILER_APPICON_NAME = AppIcon;
				CODE_SIGN_STYLE = Automatic;
				DEVELOPMENT_TEAM = S5BF5553KY;
				INFOPLIST_FILE = InfiniteScrollAnotherPattern/Info.plist;
				LD_RUNPATH_SEARCH_PATHS = (
					"$(inherited)",
					"@executable_path/Frameworks",
				);
				PRODUCT_BUNDLE_IDENTIFIER = com.just1factory.InfiniteScrollAnotherPattern;
				PRODUCT_NAME = "$(TARGET_NAME)";
				SWIFT_VERSION = 5.0;
				TARGETED_DEVICE_FAMILY = "1,2";
			};
			name = Debug;
		};
		DE958D4822E6E83F00DB2C21 /* Release */ = {
			isa = XCBuildConfiguration;
			baseConfigurationReference = C5706D7239F569E8266844DE /* Pods-InfiniteScrollAnotherPattern.release.xcconfig */;
			buildSettings = {
				ASSETCATALOG_COMPILER_APPICON_NAME = AppIcon;
				CODE_SIGN_STYLE = Automatic;
				DEVELOPMENT_TEAM = S5BF5553KY;
				INFOPLIST_FILE = InfiniteScrollAnotherPattern/Info.plist;
				LD_RUNPATH_SEARCH_PATHS = (
					"$(inherited)",
					"@executable_path/Frameworks",
				);
				PRODUCT_BUNDLE_IDENTIFIER = com.just1factory.InfiniteScrollAnotherPattern;
				PRODUCT_NAME = "$(TARGET_NAME)";
				SWIFT_VERSION = 5.0;
				TARGETED_DEVICE_FAMILY = "1,2";
			};
			name = Release;
		};
		DE958D4A22E6E83F00DB2C21 /* Debug */ = {
			isa = XCBuildConfiguration;
			baseConfigurationReference = FBB15C7915712D40C10B15AB /* Pods-InfiniteScrollAnotherPatternTests.debug.xcconfig */;
			buildSettings = {
				ALWAYS_EMBED_SWIFT_STANDARD_LIBRARIES = YES;
				BUNDLE_LOADER = "$(TEST_HOST)";
				CODE_SIGN_STYLE = Automatic;
				DEVELOPMENT_TEAM = S5BF5553KY;
				INFOPLIST_FILE = InfiniteScrollAnotherPatternTests/Info.plist;
				LD_RUNPATH_SEARCH_PATHS = (
					"$(inherited)",
					"@executable_path/Frameworks",
					"@loader_path/Frameworks",
				);
				PRODUCT_BUNDLE_IDENTIFIER = com.just1factory.InfiniteScrollAnotherPatternTests;
				PRODUCT_NAME = "$(TARGET_NAME)";
				SWIFT_VERSION = 5.0;
				TARGETED_DEVICE_FAMILY = "1,2";
				TEST_HOST = "$(BUILT_PRODUCTS_DIR)/InfiniteScrollAnotherPattern.app/InfiniteScrollAnotherPattern";
			};
			name = Debug;
		};
		DE958D4B22E6E83F00DB2C21 /* Release */ = {
			isa = XCBuildConfiguration;
			baseConfigurationReference = 424E527F9E3D097EC38D47DF /* Pods-InfiniteScrollAnotherPatternTests.release.xcconfig */;
			buildSettings = {
				ALWAYS_EMBED_SWIFT_STANDARD_LIBRARIES = YES;
				BUNDLE_LOADER = "$(TEST_HOST)";
				CODE_SIGN_STYLE = Automatic;
				DEVELOPMENT_TEAM = S5BF5553KY;
				INFOPLIST_FILE = InfiniteScrollAnotherPatternTests/Info.plist;
				LD_RUNPATH_SEARCH_PATHS = (
					"$(inherited)",
					"@executable_path/Frameworks",
					"@loader_path/Frameworks",
				);
				PRODUCT_BUNDLE_IDENTIFIER = com.just1factory.InfiniteScrollAnotherPatternTests;
				PRODUCT_NAME = "$(TARGET_NAME)";
				SWIFT_VERSION = 5.0;
				TARGETED_DEVICE_FAMILY = "1,2";
				TEST_HOST = "$(BUILT_PRODUCTS_DIR)/InfiniteScrollAnotherPattern.app/InfiniteScrollAnotherPattern";
			};
			name = Release;
		};
		DE958D4D22E6E83F00DB2C21 /* Debug */ = {
			isa = XCBuildConfiguration;
			baseConfigurationReference = 271479F2C8BA3FFBD1EB355A /* Pods-InfiniteScrollAnotherPattern-InfiniteScrollAnotherPatternUITests.debug.xcconfig */;
			buildSettings = {
				ALWAYS_EMBED_SWIFT_STANDARD_LIBRARIES = YES;
				CODE_SIGN_STYLE = Automatic;
				DEVELOPMENT_TEAM = S5BF5553KY;
				INFOPLIST_FILE = InfiniteScrollAnotherPatternUITests/Info.plist;
				LD_RUNPATH_SEARCH_PATHS = (
					"$(inherited)",
					"@executable_path/Frameworks",
					"@loader_path/Frameworks",
				);
				PRODUCT_BUNDLE_IDENTIFIER = com.just1factory.InfiniteScrollAnotherPatternUITests;
				PRODUCT_NAME = "$(TARGET_NAME)";
				SWIFT_VERSION = 5.0;
				TARGETED_DEVICE_FAMILY = "1,2";
				TEST_TARGET_NAME = InfiniteScrollAnotherPattern;
			};
			name = Debug;
		};
		DE958D4E22E6E83F00DB2C21 /* Release */ = {
			isa = XCBuildConfiguration;
			baseConfigurationReference = B6A86C3B3006239CC42A7845 /* Pods-InfiniteScrollAnotherPattern-InfiniteScrollAnotherPatternUITests.release.xcconfig */;
			buildSettings = {
				ALWAYS_EMBED_SWIFT_STANDARD_LIBRARIES = YES;
				CODE_SIGN_STYLE = Automatic;
				DEVELOPMENT_TEAM = S5BF5553KY;
				INFOPLIST_FILE = InfiniteScrollAnotherPatternUITests/Info.plist;
				LD_RUNPATH_SEARCH_PATHS = (
					"$(inherited)",
					"@executable_path/Frameworks",
					"@loader_path/Frameworks",
				);
				PRODUCT_BUNDLE_IDENTIFIER = com.just1factory.InfiniteScrollAnotherPatternUITests;
				PRODUCT_NAME = "$(TARGET_NAME)";
				SWIFT_VERSION = 5.0;
				TARGETED_DEVICE_FAMILY = "1,2";
				TEST_TARGET_NAME = InfiniteScrollAnotherPattern;
			};
			name = Release;
		};
/* End XCBuildConfiguration section */

/* Begin XCConfigurationList section */
		DE958D1922E6E83B00DB2C21 /* Build configuration list for PBXProject "InfiniteScrollAnotherPattern" */ = {
			isa = XCConfigurationList;
			buildConfigurations = (
				DE958D4422E6E83F00DB2C21 /* Debug */,
				DE958D4522E6E83F00DB2C21 /* Release */,
			);
			defaultConfigurationIsVisible = 0;
			defaultConfigurationName = Release;
		};
		DE958D4622E6E83F00DB2C21 /* Build configuration list for PBXNativeTarget "InfiniteScrollAnotherPattern" */ = {
			isa = XCConfigurationList;
			buildConfigurations = (
				DE958D4722E6E83F00DB2C21 /* Debug */,
				DE958D4822E6E83F00DB2C21 /* Release */,
			);
			defaultConfigurationIsVisible = 0;
			defaultConfigurationName = Release;
		};
		DE958D4922E6E83F00DB2C21 /* Build configuration list for PBXNativeTarget "InfiniteScrollAnotherPatternTests" */ = {
			isa = XCConfigurationList;
			buildConfigurations = (
				DE958D4A22E6E83F00DB2C21 /* Debug */,
				DE958D4B22E6E83F00DB2C21 /* Release */,
			);
			defaultConfigurationIsVisible = 0;
			defaultConfigurationName = Release;
		};
		DE958D4C22E6E83F00DB2C21 /* Build configuration list for PBXNativeTarget "InfiniteScrollAnotherPatternUITests" */ = {
			isa = XCConfigurationList;
			buildConfigurations = (
				DE958D4D22E6E83F00DB2C21 /* Debug */,
				DE958D4E22E6E83F00DB2C21 /* Release */,
			);
			defaultConfigurationIsVisible = 0;
			defaultConfigurationName = Release;
		};
/* End XCConfigurationList section */
	};
	rootObject = DE958D1622E6E83B00DB2C21 /* Project object */;
}
